
Microsoft Visual Studio Solution File, Format Version 12.00
# Visual Studio Version 17
VisualStudioVersion = 17.5.33502.453
MinimumVisualStudioVersion = 10.0.40219.1
Project("{FAE04EC0-301F-11D3-BF4B-00C04F79EFBC}") = "RegAdm", "RegAdm\RegAdm.csproj", "{6C0C5E46-E8A9-46C3-BB52-D46D0EBEFCB2}"
EndProject
Project("{FAE04EC0-301F-11D3-BF4B-00C04F79EFBC}") = "ViewModels", "ViewModels\ViewModels.csproj", "{695FF7A9-121A-4007-BBA1-1F461EFBE9F2}"
EndProject
Project("{FAE04EC0-301F-11D3-BF4B-00C04F79EFBC}") = "RegAdmViewModels", "RegAdmViewModels\RegAdmViewModels.csproj", "{20BFDD9F-1913-46EA-9229-961F8B89744B}"
EndProject
Project("{FAE04EC0-301F-11D3-BF4B-00C04F79EFBC}") = "Model", "Model\Model.csproj", "{7F01B5A1-62EC-4F22-9DD3-E560088148F5}"
EndProject
Project("{FAE04EC0-301F-11D3-BF4B-00C04F79EFBC}") = "RegAdmModel", "RegAdmModel\RegAdmModel.csproj", "{F1626547-8A0A-4A4D-9F2F-7CFE9CAD1B94}"
EndProject
Global
	GlobalSection(SolutionConfigurationPlatforms) = preSolution
		Debug|Any CPU = Debug|Any CPU
		Release|Any CPU = Release|Any CPU
	EndGlobalSection
	GlobalSection(ProjectConfigurationPlatforms) = postSolution
		{6C0C5E46-E8A9-46C3-BB52-D46D0EBEFCB2}.Debug|Any CPU.ActiveCfg = Debug|Any CPU
		{6C0C5E46-E8A9-46C3-BB52-D46D0EBEFCB2}.Debug|Any CPU.Build.0 = Debug|Any CPU
		{6C0C5E46-E8A9-46C3-BB52-D46D0EBEFCB2}.Release|Any CPU.ActiveCfg = Release|Any CPU
		{6C0C5E46-E8A9-46C3-BB52-D46D0EBEFCB2}.Release|Any CPU.Build.0 = Release|Any CPU
		{695FF7A9-121A-4007-BBA1-1F461EFBE9F2}.Debug|Any CPU.ActiveCfg = Debug|Any CPU
		{695FF7A9-121A-4007-BBA1-1F461EFBE9F2}.Debug|Any CPU.Build.0 = Debug|Any CPU
		{695FF7A9-121A-4007-BBA1-1F461EFBE9F2}.Release|Any CPU.ActiveCfg = Release|Any CPU
		{695FF7A9-121A-4007-BBA1-1F461EFBE9F2}.Release|Any CPU.Build.0 = Release|Any CPU
		{20BFDD9F-1913-46EA-9229-961F8B89744B}.Debug|Any CPU.ActiveCfg = Debug|Any CPU
		{20BFDD9F-1913-46EA-9229-961F8B89744B}.Debug|Any CPU.Build.0 = Debug|Any CPU
		{20BFDD9F-1913-46EA-9229-961F8B89744B}.Release|Any CPU.ActiveCfg = Release|Any CPU
		{20BFDD9F-1913-46EA-9229-961F8B89744B}.Release|Any CPU.Build.0 = Release|Any CPU
		{7F01B5A1-62EC-4F22-9DD3-E560088148F5}.Debug|Any CPU.ActiveCfg = Debug|Any CPU
		{7F01B5A1-62EC-4F22-9DD3-E560088148F5}.Debug|Any CPU.Build.0 = Debug|Any CPU
		{7F01B5A1-62EC-4F22-9DD3-E560088148F5}.Release|Any CPU.ActiveCfg = Release|Any CPU
		{7F01B5A1-62EC-4F22-9DD3-E560088148F5}.Release|Any CPU.Build.0 = Release|Any CPU
		{F1626547-8A0A-4A4D-9F2F-7CFE9CAD1B94}.Debug|Any CPU.ActiveCfg = Debug|Any CPU
		{F1626547-8A0A-4A4D-9F2F-7CFE9CAD1B94}.Debug|Any CPU.Build.0 = Debug|Any CPU
		{F1626547-8A0A-4A4D-9F2F-7CFE9CAD1B94}.Release|Any CPU.ActiveCfg = Release|Any CPU
		{F1626547-8A0A-4A4D-9F2F-7CFE9CAD1B94}.Release|Any CPU.Build.0 = Release|Any CPU
	EndGlobalSection
	GlobalSection(SolutionProperties) = preSolution
		HideSolutionNode = FALSE
	EndGlobalSection
	GlobalSection(ExtensibilityGlobals) = postSolution
		SolutionGuid = {8B250D13-449D-4D3C-8F9A-DE27E7190A32}
	EndGlobalSection
EndGlobal
